Microsoft Visual Studio Solution File, Format Version 12.00
# Visual Studio Version 17
VisualStudioVersion = 17.13.35913.81
MinimumVisualStudioVersion = 10.0.40219.1
Project("{FAE04EC0-301F-11D3-BF4B-00C04F79EFBC}") = "Shopping.Client", "Shopping.Client\Shopping.Client.csproj", "{51335779-5769-4589-84A2-C5FFFCC6DEDE}"
EndProject
Project("{FAE04EC0-301F-11D3-BF4B-00C04F79EFBC}") = "Shopping.API", "Shopping.API\Shopping.API.csproj", "{BD0DC337-B41A-41AA-AF31-FADE953CF362}"
EndProject
Global
	GlobalSection(SolutionConfigurationPlatforms) = preSolution
		Debug|Any CPU = Debug|Any CPU
		Release|Any CPU = Release|Any CPU
	EndGlobalSection
	GlobalSection(ProjectConfigurationPlatforms) = postSolution
		{51335779-5769-4589-84A2-C5FFFCC6DEDE}.Debug|Any CPU.ActiveCfg = Debug|Any CPU
		{51335779-5769-4589-84A2-C5FFFCC6DEDE}.Debug|Any CPU.Build.0 = Debug|Any CPU
		{51335779-5769-4589-84A2-C5FFFCC6DEDE}.Release|Any CPU.ActiveCfg = Release|Any CPU
		{51335779-5769-4589-84A2-C5FFFCC6DEDE}.Release|Any CPU.Build.0 = Release|Any CPU
		{BD0DC337-B41A-41AA-AF31-FADE953CF362}.Debug|Any CPU.ActiveCfg = Debug|Any CPU
		{BD0DC337-B41A-41AA-AF31-FADE953CF362}.Debug|Any CPU.Build.0 = Debug|Any CPU
		{BD0DC337-B41A-41AA-AF31-FADE953CF362}.Release|Any CPU.ActiveCfg = Release|Any CPU
		{BD0DC337-B41A-41AA-AF31-FADE953CF362}.Release|Any CPU.Build.0 = Release|Any CPU
	EndGlobalSection
	GlobalSection(SolutionProperties) = preSolution
		HideSolutionNode = FALSE
	EndGlobalSection
	GlobalSection(ExtensibilityGlobals) = postSolution
		SolutionGuid = {55A15D9D-5921-4EF4-AA55-9A629AF643B9}
	EndGlobalSection
EndGlobal
